// !$*UTF8*$!
{
	archiveVersion = 1;
	classes = {
	};
	objectVersion = 55;
	objects = {

/* Begin PBXBuildFile section */
		99030AF729C5CC1100783C84 /* AppDelegate.swift in Sources */ = {isa = PBXBuildFile; fileRef = 99030AF629C5CC1100783C84 /* AppDelegate.swift */; };
		99030AF929C5CC1100783C84 /* SceneDelegate.swift in Sources */ = {isa = PBXBuildFile; fileRef = 99030AF829C5CC1100783C84 /* SceneDelegate.swift */; };
		99030AFB29C5CC1100783C84 /* MainTabBarViewController.swift in Sources */ = {isa = PBXBuildFile; fileRef = 99030AFA29C5CC1100783C84 /* MainTabBarViewController.swift */; };
		99030B0029C5CC1400783C84 /* Assets.xcassets in Resources */ = {isa = PBXBuildFile; fileRef = 99030AFF29C5CC1400783C84 /* Assets.xcassets */; };
		99030B0329C5CC1400783C84 /* LaunchScreen.storyboard in Resources */ = {isa = PBXBuildFile; fileRef = 99030B0129C5CC1400783C84 /* LaunchScreen.storyboard */; };
		99030B0C29C6201700783C84 /* HomeViewController.swift in Sources */ = {isa = PBXBuildFile; fileRef = 99030B0B29C6201700783C84 /* HomeViewController.swift */; };
		99030B0E29C6206200783C84 /* UpcomingViewController.swift in Sources */ = {isa = PBXBuildFile; fileRef = 99030B0D29C6206200783C84 /* UpcomingViewController.swift */; };
		99030B1029C6209900783C84 /* SearchViewController.swift in Sources */ = {isa = PBXBuildFile; fileRef = 99030B0F29C6209900783C84 /* SearchViewController.swift */; };
		99030B1229C620C400783C84 /* DownloadsViewController.swift in Sources */ = {isa = PBXBuildFile; fileRef = 99030B1129C620C400783C84 /* DownloadsViewController.swift */; };
		9921A95829D7720D00AC7B14 /* HeroHeaderUIView.swift in Sources */ = {isa = PBXBuildFile; fileRef = 9921A95729D7720D00AC7B14 /* HeroHeaderUIView.swift */; };
		995DDF222A05941200ECE4B5 /* TitleTableViewCell.swift in Sources */ = {isa = PBXBuildFile; fileRef = 995DDF212A05941200ECE4B5 /* TitleTableViewCell.swift */; };
		995DDF242A05B6C800ECE4B5 /* TitleViewModel.swift in Sources */ = {isa = PBXBuildFile; fileRef = 995DDF232A05B6C800ECE4B5 /* TitleViewModel.swift */; };
		99716EDD29DA021D007664F4 /* APICaller.swift in Sources */ = {isa = PBXBuildFile; fileRef = 99716EDC29DA021D007664F4 /* APICaller.swift */; };
		99716EDF29DA06AB007664F4 /* Title.swift in Sources */ = {isa = PBXBuildFile; fileRef = 99716EDE29DA06AB007664F4 /* Title.swift */; };
		999D9C842A099B2200563AE7 /* SearchResultsViewController.swift in Sources */ = {isa = PBXBuildFile; fileRef = 999D9C832A099B2200563AE7 /* SearchResultsViewController.swift */; };
		99CC1CE42A03FB4C00789A5F /* TitleCollectionViewCell.swift in Sources */ = {isa = PBXBuildFile; fileRef = 99CC1CE32A03FB4C00789A5F /* TitleCollectionViewCell.swift */; };
		99CC1CE72A04009D00789A5F /* SDWebImage in Frameworks */ = {isa = PBXBuildFile; productRef = 99CC1CE62A04009D00789A5F /* SDWebImage */; };
		99CC1CE92A04009D00789A5F /* SDWebImageMapKit in Frameworks */ = {isa = PBXBuildFile; productRef = 99CC1CE82A04009D00789A5F /* SDWebImageMapKit */; };
		99CD658E2A00E624009EBE14 /* Extensions.swift in Sources */ = {isa = PBXBuildFile; fileRef = 99CD658D2A00E624009EBE14 /* Extensions.swift */; };
		99E14DBD2A0A590900FB7706 /* YoutubeSearchResponse.swift in Sources */ = {isa = PBXBuildFile; fileRef = 99E14DBC2A0A590900FB7706 /* YoutubeSearchResponse.swift */; };
		99E14DBF2A0A5BC000FB7706 /* TitlePreviewViewController.swift in Sources */ = {isa = PBXBuildFile; fileRef = 99E14DBE2A0A5BC000FB7706 /* TitlePreviewViewController.swift */; };
		99E14DC12A0A5EC700FB7706 /* TitlePreviewViewModel.swift in Sources */ = {isa = PBXBuildFile; fileRef = 99E14DC02A0A5EC700FB7706 /* TitlePreviewViewModel.swift */; };
		99E14DEA2A0A84A300FB7706 /* NetflixCloneModel.xcdatamodeld in Sources */ = {isa = PBXBuildFile; fileRef = 99E14DE82A0A84A300FB7706 /* NetflixCloneModel.xcdatamodeld */; };
		99E14DEC2A0A85EB00FB7706 /* DataPersistenceManager.swift in Sources */ = {isa = PBXBuildFile; fileRef = 99E14DEB2A0A85EB00FB7706 /* DataPersistenceManager.swift */; };
		99E24CAF29C9CE3C00CAB430 /* CollectionViewTableViewCell.swift in Sources */ = {isa = PBXBuildFile; fileRef = 99E24CAE29C9CE3C00CAB430 /* CollectionViewTableViewCell.swift */; };
/* End PBXBuildFile section */

/* Begin PBXFileReference section */
		99030AF329C5CC1100783C84 /* Netflix Clone.app */ = {isa = PBXFileReference; explicitFileType = wrapper.application; includeInIndex = 0; path = "Netflix Clone.app"; sourceTree = BUILT_PRODUCTS_DIR; };
		99030AF629C5CC1100783C84 /* AppDelegate.swift */ = {isa = PBXFileReference; lastKnownFileType = sourcecode.swift; path = AppDelegate.swift; sourceTree = "<group>"; };
		99030AF829C5CC1100783C84 /* SceneDelegate.swift */ = {isa = PBXFileReference; lastKnownFileType = sourcecode.swift; path = SceneDelegate.swift; sourceTree = "<group>"; };
		99030AFA29C5CC1100783C84 /* MainTabBarViewController.swift */ = {isa = PBXFileReference; lastKnownFileType = sourcecode.swift; path = MainTabBarViewController.swift; sourceTree = "<group>"; };
		99030AFF29C5CC1400783C84 /* Assets.xcassets */ = {isa = PBXFileReference; lastKnownFileType = folder.assetcatalog; path = Assets.xcassets; sourceTree = "<group>"; };
		99030B0229C5CC1400783C84 /* Base */ = {isa = PBXFileReference; lastKnownFileType = file.storyboard; name = Base; path = Base.lproj/LaunchScreen.storyboard; sourceTree = "<group>"; };
		99030B0429C5CC1400783C84 /* Info.plist */ = {isa = PBXFileReference; lastKnownFileType = text.plist.xml; path = Info.plist; sourceTree = "<group>"; };
		99030B0B29C6201700783C84 /* HomeViewController.swift */ = {isa = PBXFileReference; lastKnownFileType = sourcecode.swift; path = HomeViewController.swift; sourceTree = "<group>"; };
		99030B0D29C6206200783C84 /* UpcomingViewController.swift */ = {isa = PBXFileReference; lastKnownFileType = sourcecode.swift; path = UpcomingViewController.swift; sourceTree = "<group>"; };
		99030B0F29C6209900783C84 /* SearchViewController.swift */ = {isa = PBXFileReference; lastKnownFileType = sourcecode.swift; path = SearchViewController.swift; sourceTree = "<group>"; };
		99030B1129C620C400783C84 /* DownloadsViewController.swift */ = {isa = PBXFileReference; lastKnownFileType = sourcecode.swift; path = DownloadsViewController.swift; sourceTree = "<group>"; };
		9921A95729D7720D00AC7B14 /* HeroHeaderUIView.swift */ = {isa = PBXFileReference; lastKnownFileType = sourcecode.swift; path = HeroHeaderUIView.swift; sourceTree = "<group>"; };
		995DDF212A05941200ECE4B5 /* TitleTableViewCell.swift */ = {isa = PBXFileReference; lastKnownFileType = sourcecode.swift; path = TitleTableViewCell.swift; sourceTree = "<group>"; };
		995DDF232A05B6C800ECE4B5 /* TitleViewModel.swift */ = {isa = PBXFileReference; lastKnownFileType = sourcecode.swift; path = TitleViewModel.swift; sourceTree = "<group>"; };
		99716EDC29DA021D007664F4 /* APICaller.swift */ = {isa = PBXFileReference; lastKnownFileType = sourcecode.swift; path = APICaller.swift; sourceTree = "<group>"; };
		99716EDE29DA06AB007664F4 /* Title.swift */ = {isa = PBXFileReference; lastKnownFileType = sourcecode.swift; path = Title.swift; sourceTree = "<group>"; };
		999D9C832A099B2200563AE7 /* SearchResultsViewController.swift */ = {isa = PBXFileReference; lastKnownFileType = sourcecode.swift; path = SearchResultsViewController.swift; sourceTree = "<group>"; };
		99CC1CE32A03FB4C00789A5F /* TitleCollectionViewCell.swift */ = {isa = PBXFileReference; lastKnownFileType = sourcecode.swift; path = TitleCollectionViewCell.swift; sourceTree = "<group>"; };
		99CD658D2A00E624009EBE14 /* Extensions.swift */ = {isa = PBXFileReference; lastKnownFileType = sourcecode.swift; path = Extensions.swift; sourceTree = "<group>"; };
		99E14DBC2A0A590900FB7706 /* YoutubeSearchResponse.swift */ = {isa = PBXFileReference; lastKnownFileType = sourcecode.swift; path = YoutubeSearchResponse.swift; sourceTree = "<group>"; };
		99E14DBE2A0A5BC000FB7706 /* TitlePreviewViewController.swift */ = {isa = PBXFileReference; lastKnownFileType = sourcecode.swift; path = TitlePreviewViewController.swift; sourceTree = "<group>"; };
		99E14DC02A0A5EC700FB7706 /* TitlePreviewViewModel.swift */ = {isa = PBXFileReference; lastKnownFileType = sourcecode.swift; path = TitlePreviewViewModel.swift; sourceTree = "<group>"; };
		99E14DE92A0A84A300FB7706 /* NetflixCloneModel.xcdatamodel */ = {isa = PBXFileReference; lastKnownFileType = wrapper.xcdatamodel; path = NetflixCloneModel.xcdatamodel; sourceTree = "<group>"; };
		99E14DEB2A0A85EB00FB7706 /* DataPersistenceManager.swift */ = {isa = PBXFileReference; lastKnownFileType = sourcecode.swift; path = DataPersistenceManager.swift; sourceTree = "<group>"; };
		99E24CAE29C9CE3C00CAB430 /* CollectionViewTableViewCell.swift */ = {isa = PBXFileReference; lastKnownFileType = sourcecode.swift; path = CollectionViewTableViewCell.swift; sourceTree = "<group>"; };
/* End PBXFileReference section */

/* Begin PBXFrameworksBuildPhase section */
		99030AF029C5CC1100783C84 /* Frameworks */ = {
			isa = PBXFrameworksBuildPhase;
			buildActionMask = 2147483647;
			files = (
				99CC1CE92A04009D00789A5F /* SDWebImageMapKit in Frameworks */,
				99CC1CE72A04009D00789A5F /* SDWebImage in Frameworks */,
			);
			runOnlyForDeploymentPostprocessing = 0;
		};
/* End PBXFrameworksBuildPhase section */

/* Begin PBXGroup section */
		99030AEA29C5CC1100783C84 = {
			isa = PBXGroup;
			children = (
				99030AF529C5CC1100783C84 /* Netflix Clone */,
				99030AF429C5CC1100783C84 /* Products */,
			);
			sourceTree = "<group>";
		};
		99030AF429C5CC1100783C84 /* Products */ = {
			isa = PBXGroup;
			children = (
				99030AF329C5CC1100783C84 /* Netflix Clone.app */,
			);
			name = Products;
			sourceTree = "<group>";
		};
		99030AF529C5CC1100783C84 /* Netflix Clone */ = {
			isa = PBXGroup;
			children = (
				99E24CAD29C9CDA900CAB430 /* Managers */,
				99E24CAC29C9CDA100CAB430 /* Resources */,
				99E24CAB29C9CD9200CAB430 /* Models */,
				99E24CAA29C9CD8600CAB430 /* ViewModels */,
				99E24CA929C9CD8100CAB430 /* Views */,
				99030B0A29C61FE500783C84 /* Controllers */,
				99030AFA29C5CC1100783C84 /* MainTabBarViewController.swift */,
				99030AFF29C5CC1400783C84 /* Assets.xcassets */,
				99030B0129C5CC1400783C84 /* LaunchScreen.storyboard */,
				99030B0429C5CC1400783C84 /* Info.plist */,
				99E14DE82A0A84A300FB7706 /* NetflixCloneModel.xcdatamodeld */,
			);
			path = "Netflix Clone";
			sourceTree = "<group>";
		};
		99030B0A29C61FE500783C84 /* Controllers */ = {
			isa = PBXGroup;
			children = (
				999D9C862A099B7900563AE7 /* General */,
				999D9C852A099B5900563AE7 /* Core */,
			);
			path = Controllers;
			sourceTree = "<group>";
		};
		999D9C852A099B5900563AE7 /* Core */ = {
			isa = PBXGroup;
			children = (
				99030B0B29C6201700783C84 /* HomeViewController.swift */,
				99030B0D29C6206200783C84 /* UpcomingViewController.swift */,
				99030B0F29C6209900783C84 /* SearchViewController.swift */,
				99030B1129C620C400783C84 /* DownloadsViewController.swift */,
			);
			path = Core;
			sourceTree = "<group>";
		};
		999D9C862A099B7900563AE7 /* General */ = {
			isa = PBXGroup;
			children = (
				999D9C832A099B2200563AE7 /* SearchResultsViewController.swift */,
				99E14DBE2A0A5BC000FB7706 /* TitlePreviewViewController.swift */,
			);
			path = General;
			sourceTree = "<group>";
		};
		99E24CA929C9CD8100CAB430 /* Views */ = {
			isa = PBXGroup;
			children = (
				99E24CAE29C9CE3C00CAB430 /* CollectionViewTableViewCell.swift */,
				9921A95729D7720D00AC7B14 /* HeroHeaderUIView.swift */,
				99CC1CE32A03FB4C00789A5F /* TitleCollectionViewCell.swift */,
				995DDF212A05941200ECE4B5 /* TitleTableViewCell.swift */,
			);
			path = Views;
			sourceTree = "<group>";
		};
		99E24CAA29C9CD8600CAB430 /* ViewModels */ = {
			isa = PBXGroup;
			children = (
				995DDF232A05B6C800ECE4B5 /* TitleViewModel.swift */,
				99E14DC02A0A5EC700FB7706 /* TitlePreviewViewModel.swift */,
			);
			path = ViewModels;
			sourceTree = "<group>";
		};
		99E24CAB29C9CD9200CAB430 /* Models */ = {
			isa = PBXGroup;
			children = (
				99716EDE29DA06AB007664F4 /* Title.swift */,
				99E14DBC2A0A590900FB7706 /* YoutubeSearchResponse.swift */,
			);
			path = Models;
			sourceTree = "<group>";
		};
		99E24CAC29C9CDA100CAB430 /* Resources */ = {
			isa = PBXGroup;
			children = (
				99030AF629C5CC1100783C84 /* AppDelegate.swift */,
				99030AF829C5CC1100783C84 /* SceneDelegate.swift */,
				99CD658D2A00E624009EBE14 /* Extensions.swift */,
			);
			path = Resources;
			sourceTree = "<group>";
		};
		99E24CAD29C9CDA900CAB430 /* Managers */ = {
			isa = PBXGroup;
			children = (
				99716EDC29DA021D007664F4 /* APICaller.swift */,
				99E14DEB2A0A85EB00FB7706 /* DataPersistenceManager.swift */,
			);
			path = Managers;
			sourceTree = "<group>";
		};
/* End PBXGroup section */

/* Begin PBXNativeTarget section */
		99030AF229C5CC1100783C84 /* Netflix Clone */ = {
			isa = PBXNativeTarget;
			buildConfigurationList = 99030B0729C5CC1400783C84 /* Build configuration list for PBXNativeTarget "Netflix Clone" */;
			buildPhases = (
				99030AEF29C5CC1100783C84 /* Sources */,
				99030AF029C5CC1100783C84 /* Frameworks */,
				99030AF129C5CC1100783C84 /* Resources */,
			);
			buildRules = (
			);
			dependencies = (
			);
			name = "Netflix Clone";
			packageProductDependencies = (
				99CC1CE62A04009D00789A5F /* SDWebImage */,
				99CC1CE82A04009D00789A5F /* SDWebImageMapKit */,
			);
			productName = "Netflix Clone";
			productReference = 99030AF329C5CC1100783C84 /* Netflix Clone.app */;
			productType = "com.apple.product-type.application";
		};
/* End PBXNativeTarget section */

/* Begin PBXProject section */
		99030AEB29C5CC1100783C84 /* Project object */ = {
			isa = PBXProject;
			attributes = {
				BuildIndependentTargetsInParallel = 1;
				LastSwiftUpdateCheck = 1340;
				LastUpgradeCheck = 1340;
				TargetAttributes = {
					99030AF229C5CC1100783C84 = {
						CreatedOnToolsVersion = 13.4.1;
					};
				};
			};
			buildConfigurationList = 99030AEE29C5CC1100783C84 /* Build configuration list for PBXProject "Netflix Clone" */;
			compatibilityVersion = "Xcode 13.0";
			developmentRegion = en;
			hasScannedForEncodings = 0;
			knownRegions = (
				en,
				Base,
			);
			mainGroup = 99030AEA29C5CC1100783C84;
			packageReferences = (
				99CC1CE52A04009D00789A5F /* XCRemoteSwiftPackageReference "SDWebImage" */,
			);
			productRefGroup = 99030AF429C5CC1100783C84 /* Products */;
			projectDirPath = "";
			projectRoot = "";
			targets = (
				99030AF229C5CC1100783C84 /* Netflix Clone */,
			);
		};
/* End PBXProject section */

/* Begin PBXResourcesBuildPhase section */
		99030AF129C5CC1100783C84 /* Resources */ = {
			isa = PBXResourcesBuildPhase;
			buildActionMask = 2147483647;
			files = (
				99030B0329C5CC1400783C84 /* LaunchScreen.storyboard in Resources */,
				99030B0029C5CC1400783C84 /* Assets.xcassets in Resources */,
			);
			runOnlyForDeploymentPostprocessing = 0;
		};
/* End PBXResourcesBuildPhase section */

/* Begin PBXSourcesBuildPhase section */
		99030AEF29C5CC1100783C84 /* Sources */ = {
			isa = PBXSourcesBuildPhase;
			buildActionMask = 2147483647;
			files = (
				995DDF222A05941200ECE4B5 /* TitleTableViewCell.swift in Sources */,
				99030B1029C6209900783C84 /* SearchViewController.swift in Sources */,
				99CC1CE42A03FB4C00789A5F /* TitleCollectionViewCell.swift in Sources */,
				99E14DEC2A0A85EB00FB7706 /* DataPersistenceManager.swift in Sources */,
				99030AFB29C5CC1100783C84 /* MainTabBarViewController.swift in Sources */,
				99E24CAF29C9CE3C00CAB430 /* CollectionViewTableViewCell.swift in Sources */,
				99716EDD29DA021D007664F4 /* APICaller.swift in Sources */,
				9921A95829D7720D00AC7B14 /* HeroHeaderUIView.swift in Sources */,
				99030B1229C620C400783C84 /* DownloadsViewController.swift in Sources */,
				99030AF729C5CC1100783C84 /* AppDelegate.swift in Sources */,
				999D9C842A099B2200563AE7 /* SearchResultsViewController.swift in Sources */,
				99CD658E2A00E624009EBE14 /* Extensions.swift in Sources */,
				99E14DBD2A0A590900FB7706 /* YoutubeSearchResponse.swift in Sources */,
				99030AF929C5CC1100783C84 /* SceneDelegate.swift in Sources */,
				99E14DC12A0A5EC700FB7706 /* TitlePreviewViewModel.swift in Sources */,
				99E14DEA2A0A84A300FB7706 /* NetflixCloneModel.xcdatamodeld in Sources */,
				99030B0E29C6206200783C84 /* UpcomingViewController.swift in Sources */,
				99E14DBF2A0A5BC000FB7706 /* TitlePreviewViewController.swift in Sources */,
				99716EDF29DA06AB007664F4 /* Title.swift in Sources */,
				99030B0C29C6201700783C84 /* HomeViewController.swift in Sources */,
				995DDF242A05B6C800ECE4B5 /* TitleViewModel.swift in Sources */,
			);
			runOnlyForDeploymentPostprocessing = 0;
		};
/* End PBXSourcesBuildPhase section */

/* Begin PBXVariantGroup section */
		99030B0129C5CC1400783C84 /* LaunchScreen.storyboard */ = {
			isa = PBXVariantGroup;
			children = (
				99030B0229C5CC1400783C84 /* Base */,
			);
			name = LaunchScreen.storyboard;
			sourceTree = "<group>";
		};
/* End PBXVariantGroup section */

/* Begin XCBuildConfiguration section */
		99030B0529C5CC1400783C84 /* Debug */ = {
			isa = XCBuildConfiguration;
			buildSettings = {
				ALWAYS_SEARCH_USER_PATHS = NO;
				CLANG_ANALYZER_NONNULL = YES;
				CLANG_ANALYZER_NUMBER_OBJECT_CONVERSION = YES_AGGRESSIVE;
				CLANG_CXX_LANGUAGE_STANDARD = "gnu++17";
				CLANG_ENABLE_MODULES = YES;
				CLANG_ENABLE_OBJC_ARC = YES;
				CLANG_ENABLE_OBJC_WEAK = YES;
				CLANG_WARN_BLOCK_CAPTURE_AUTORELEASING = YES;
				CLANG_WARN_BOOL_CONVERSION = YES;
				CLANG_WARN_COMMA = YES;
				CLANG_WARN_CONSTANT_CONVERSION = YES;
				CLANG_WARN_DEPRECATED_OBJC_IMPLEMENTATIONS = YES;
				CLANG_WARN_DIRECT_OBJC_ISA_USAGE = YES_ERROR;
				CLANG_WARN_DOCUMENTATION_COMMENTS = YES;
				CLANG_WARN_EMPTY_BODY = YES;
				CLANG_WARN_ENUM_CONVERSION = YES;
				CLANG_WARN_INFINITE_RECURSION = YES;
				CLANG_WARN_INT_CONVERSION = YES;
				CLANG_WARN_NON_LITERAL_NULL_CONVERSION = YES;
				CLANG_WARN_OBJC_IMPLICIT_RETAIN_SELF = YES;
				CLANG_WARN_OBJC_LITERAL_CONVERSION = YES;
				CLANG_WARN_OBJC_ROOT_CLASS = YES_ERROR;
				CLANG_WARN_QUOTED_INCLUDE_IN_FRAMEWORK_HEADER = YES;
				CLANG_WARN_RANGE_LOOP_ANALYSIS = YES;
				CLANG_WARN_STRICT_PROTOTYPES = YES;
				CLANG_WARN_SUSPICIOUS_MOVE = YES;
				CLANG_WARN_UNGUARDED_AVAILABILITY = YES_AGGRESSIVE;
				CLANG_WARN_UNREACHABLE_CODE = YES;
				CLANG_WARN__DUPLICATE_METHOD_MATCH = YES;
				COPY_PHASE_STRIP = NO;
				DEBUG_INFORMATION_FORMAT = dwarf;
				ENABLE_STRICT_OBJC_MSGSEND = YES;
				ENABLE_TESTABILITY = YES;
				GCC_C_LANGUAGE_STANDARD = gnu11;
				GCC_DYNAMIC_NO_PIC = NO;
				GCC_NO_COMMON_BLOCKS = YES;
				GCC_OPTIMIZATION_LEVEL = 0;
				GCC_PREPROCESSOR_DEFINITIONS = (
					"DEBUG=1",
					"$(inherited)",
				);
				GCC_WARN_64_TO_32_BIT_CONVERSION = YES;
				GCC_WARN_ABOUT_RETURN_TYPE = YES_ERROR;
				GCC_WARN_UNDECLARED_SELECTOR = YES;
				GCC_WARN_UNINITIALIZED_AUTOS = YES_AGGRESSIVE;
				GCC_WARN_UNUSED_FUNCTION = YES;
				GCC_WARN_UNUSED_VARIABLE = YES;
				IPHONEOS_DEPLOYMENT_TARGET = 15.5;
				MTL_ENABLE_DEBUG_INFO = INCLUDE_SOURCE;
				MTL_FAST_MATH = YES;
				ONLY_ACTIVE_ARCH = YES;
				SDKROOT = iphoneos;
				SWIFT_ACTIVE_COMPILATION_CONDITIONS = DEBUG;
				SWIFT_OPTIMIZATION_LEVEL = "-Onone";
			};
			name = Debug;
		};
		99030B0629C5CC1400783C84 /* Release */ = {
			isa = XCBuildConfiguration;
			buildSettings = {
				ALWAYS_SEARCH_USER_PATHS = NO;
				CLANG_ANALYZER_NONNULL = YES;
				CLANG_ANALYZER_NUMBER_OBJECT_CONVERSION = YES_AGGRESSIVE;
				CLANG_CXX_LANGUAGE_STANDARD = "gnu++17";
				CLANG_ENABLE_MODULES = YES;
				CLANG_ENABLE_OBJC_ARC = YES;
				CLANG_ENABLE_OBJC_WEAK = YES;
				CLANG_WARN_BLOCK_CAPTURE_AUTORELEASING = YES;
				CLANG_WARN_BOOL_CONVERSION = YES;
				CLANG_WARN_COMMA = YES;
				CLANG_WARN_CONSTANT_CONVERSION = YES;
				CLANG_WARN_DEPRECATED_OBJC_IMPLEMENTATIONS = YES;
				CLANG_WARN_DIRECT_OBJC_ISA_USAGE = YES_ERROR;
				CLANG_WARN_DOCUMENTATION_COMMENTS = YES;
				CLANG_WARN_EMPTY_BODY = YES;
				CLANG_WARN_ENUM_CONVERSION = YES;
				CLANG_WARN_INFINITE_RECURSION = YES;
				CLANG_WARN_INT_CONVERSION = YES;
				CLANG_WARN_NON_LITERAL_NULL_CONVERSION = YES;
				CLANG_WARN_OBJC_IMPLICIT_RETAIN_SELF = YES;
				CLANG_WARN_OBJC_LITERAL_CONVERSION = YES;
				CLANG_WARN_OBJC_ROOT_CLASS = YES_ERROR;
				CLANG_WARN_QUOTED_INCLUDE_IN_FRAMEWORK_HEADER = YES;
				CLANG_WARN_RANGE_LOOP_ANALYSIS = YES;
				CLANG_WARN_STRICT_PROTOTYPES = YES;
				CLANG_WARN_SUSPICIOUS_MOVE = YES;
				CLANG_WARN_UNGUARDED_AVAILABILITY = YES_AGGRESSIVE;
				CLANG_WARN_UNREACHABLE_CODE = YES;
				CLANG_WARN__DUPLICATE_METHOD_MATCH = YES;
				COPY_PHASE_STRIP = NO;
				DEBUG_INFORMATION_FORMAT = "dwarf-with-dsym";
				ENABLE_NS_ASSERTIONS = NO;
				ENABLE_STRICT_OBJC_MSGSEND = YES;
				GCC_C_LANGUAGE_STANDARD = gnu11;
				GCC_NO_COMMON_BLOCKS = YES;
				GCC_WARN_64_TO_32_BIT_CONVERSION = YES;
				GCC_WARN_ABOUT_RETURN_TYPE = YES_ERROR;
				GCC_WARN_UNDECLARED_SELECTOR = YES;
				GCC_WARN_UNINITIALIZED_AUTOS = YES_AGGRESSIVE;
				GCC_WARN_UNUSED_FUNCTION = YES;
				GCC_WARN_UNUSED_VARIABLE = YES;
				IPHONEOS_DEPLOYMENT_TARGET = 15.5;
				MTL_ENABLE_DEBUG_INFO = NO;
				MTL_FAST_MATH = YES;
				SDKROOT = iphoneos;
				SWIFT_COMPILATION_MODE = wholemodule;
				SWIFT_OPTIMIZATION_LEVEL = "-O";
				VALIDATE_PRODUCT = YES;
			};
			name = Release;
		};
		99030B0829C5CC1400783C84 /* Debug */ = {
			isa = XCBuildConfiguration;
			buildSettings = {
				ASSETCATALOG_COMPILER_APPICON_NAME = AppIcon;
				ASSETCATALOG_COMPILER_GLOBAL_ACCENT_COLOR_NAME = AccentColor;
				CODE_SIGN_STYLE = Automatic;
				CURRENT_PROJECT_VERSION = 1;
				DEVELOPMENT_TEAM = MHLH6NBBCA;
				GENERATE_INFOPLIST_FILE = YES;
				INFOPLIST_FILE = "Netflix Clone/Info.plist";
				INFOPLIST_KEY_UIApplicationSupportsIndirectInputEvents = YES;
				INFOPLIST_KEY_UILaunchStoryboardName = LaunchScreen;
				INFOPLIST_KEY_UISupportedInterfaceOrientations_iPad = "UIInterfaceOrientationPortrait UIInterfaceOrientationPortraitUpsideDown UIInterfaceOrientationLandscapeLeft UIInterfaceOrientationLandscapeRight";
				INFOPLIST_KEY_UISupportedInterfaceOrientations_iPhone = "UIInterfaceOrientationPortrait UIInterfaceOrientationLandscapeLeft UIInterfaceOrientationLandscapeRight";
				LD_RUNPATH_SEARCH_PATHS = (
					"$(inherited)",
					"@executable_path/Frameworks",
				);
				MARKETING_VERSION = 1.0;
				PRODUCT_BUNDLE_IDENTIFIER = "com.abitoffka.Bullseye.Netflix-Clone";
				PRODUCT_NAME = "$(TARGET_NAME)";
				SWIFT_EMIT_LOC_STRINGS = YES;
				SWIFT_VERSION = 5.0;
				TARGETED_DEVICE_FAMILY = "1,2";
			};
			name = Debug;
		};
		99030B0929C5CC1400783C84 /* Release */ = {
			isa = XCBuildConfiguration;
			buildSettings = {
				ASSETCATALOG_COMPILER_APPICON_NAME = AppIcon;
				ASSETCATALOG_COMPILER_GLOBAL_ACCENT_COLOR_NAME = AccentColor;
				CODE_SIGN_STYLE = Automatic;
				CURRENT_PROJECT_VERSION = 1;
				DEVELOPMENT_TEAM = MHLH6NBBCA;
				GENERATE_INFOPLIST_FILE = YES;
				INFOPLIST_FILE = "Netflix Clone/Info.plist";
				INFOPLIST_KEY_UIApplicationSupportsIndirectInputEvents = YES;
				INFOPLIST_KEY_UILaunchStoryboardName = LaunchScreen;
				INFOPLIST_KEY_UISupportedInterfaceOrientations_iPad = "UIInterfaceOrientationPortrait UIInterfaceOrientationPortraitUpsideDown UIInterfaceOrientationLandscapeLeft UIInterfaceOrientationLandscapeRight";
				INFOPLIST_KEY_UISupportedInterfaceOrientations_iPhone = "UIInterfaceOrientationPortrait UIInterfaceOrientationLandscapeLeft UIInterfaceOrientationLandscapeRight";
				LD_RUNPATH_SEARCH_PATHS = (
					"$(inherited)",
					"@executable_path/Frameworks",
				);
				MARKETING_VERSION = 1.0;
				PRODUCT_BUNDLE_IDENTIFIER = "com.abitoffka.Bullseye.Netflix-Clone";
				PRODUCT_NAME = "$(TARGET_NAME)";
				SWIFT_EMIT_LOC_STRINGS = YES;
				SWIFT_VERSION = 5.0;
				TARGETED_DEVICE_FAMILY = "1,2";
			};
			name = Release;
		};
/* End XCBuildConfiguration section */

/* Begin XCConfigurationList section */
		99030AEE29C5CC1100783C84 /* Build configuration list for PBXProject "Netflix Clone" */ = {
			isa = XCConfigurationList;
			buildConfigurations = (
				99030B0529C5CC1400783C84 /* Debug */,
				99030B0629C5CC1400783C84 /* Release */,
			);
			defaultConfigurationIsVisible = 0;
			defaultConfigurationName = Release;
		};
		99030B0729C5CC1400783C84 /* Build configuration list for PBXNativeTarget "Netflix Clone" */ = {
			isa = XCConfigurationList;
			buildConfigurations = (
				99030B0829C5CC1400783C84 /* Debug */,
				99030B0929C5CC1400783C84 /* Release */,
			);
			defaultConfigurationIsVisible = 0;
			defaultConfigurationName = Release;
		};
/* End XCConfigurationList section */

/* Begin XCRemoteSwiftPackageReference section */
		99CC1CE52A04009D00789A5F /* XCRemoteSwiftPackageReference "SDWebImage" */ = {
			isa = XCRemoteSwiftPackageReference;
			repositoryURL = "https://github.com/SDWebImage/SDWebImage.git";
			requirement = {
				kind = upToNextMajorVersion;
				minimumVersion = 5.0.0;
			};
		};
/* End XCRemoteSwiftPackageReference section */

/* Begin XCSwiftPackageProductDependency section */
		99CC1CE62A04009D00789A5F /* SDWebImage */ = {
			isa = XCSwiftPackageProductDependency;
			package = 99CC1CE52A04009D00789A5F /* XCRemoteSwiftPackageReference "SDWebImage" */;
			productName = SDWebImage;
		};
		99CC1CE82A04009D00789A5F /* SDWebImageMapKit */ = {
			isa = XCSwiftPackageProductDependency;
			package = 99CC1CE52A04009D00789A5F /* XCRemoteSwiftPackageReference "SDWebImage" */;
			productName = SDWebImageMapKit;
		};
/* End XCSwiftPackageProductDependency section */

/* Begin XCVersionGroup section */
		99E14DE82A0A84A300FB7706 /* NetflixCloneModel.xcdatamodeld */ = {
			isa = XCVersionGroup;
			children = (
				99E14DE92A0A84A300FB7706 /* NetflixCloneModel.xcdatamodel */,
			);
			currentVersion = 99E14DE92A0A84A300FB7706 /* NetflixCloneModel.xcdatamodel */;
			path = NetflixCloneModel.xcdatamodeld;
			sourceTree = "<group>";
			versionGroupType = wrapper.xcdatamodel;
		};
/* End XCVersionGroup section */
	};
	rootObject = 99030AEB29C5CC1100783C84 /* Project object */;
}
